# This file is machine-generated by `gh actions-lock`.
# Do not edit by hand; run `gh actions-lock` to update.
# Docs: https://gh.io/actions-lockfile
version: 'v0.0.2'
workflows:
    '.github/workflows/foo.yml':
        - 'google-github-actions/run-gemini-cli@v0.1.22'
dependencies:
    'actions/upload-artifact@v6':
        ref: 'v6'
        commit: 'sha1-b7c566a772e6b6bfb58ed0dc250532a479d7789f'
        owner_id: 44036562
        repo_id: 192625955
    'google-github-actions/auth@v3':
        ref: 'v3'
        commit: 'sha1-7c6bc770dae815cd3e89ee6cdf493a5fab2cc093'
        owner_id: 71461757
        repo_id: 407242578
    'google-github-actions/run-gemini-cli@v0.1.22':
        ref: 'v0.1.22'
        commit: 'sha1-f77273f4c914e4bf38440cf36a0369cb64a37489'
        owner_id: 71461757
        repo_id: 1018098280
        uses:
            - 'actions/upload-artifact@v6'
            - 'google-github-actions/auth@v3'
            - 'pnpm/action-setup@41ff72655975bd51cab0327fa583b6e92b6d3061'
    'pnpm/action-setup@41ff72655975bd51cab0327fa583b6e92b6d3061':
        ref: 'v4.2.0'
        commit: 'sha1-41ff72655975bd51cab0327fa583b6e92b6d3061'
        owner_id: 21320719
        repo_id: 262289747
